
Microsoft Visual Studio Solution File, Format Version 12.00
# Visual Studio Version 16
Project("{8BC9CEB8-8B4A-11D0-8D11-00A0C91BC942}") = "ALL_BUILD", "ALL_BUILD.vcxproj", "{4AFA5D46-06EB-3B3F-B05F-BA2AE3D922D3}"
	ProjectSection(ProjectDependencies) = postProject
		{7A7CB3DC-22D6-3A39-8383-288C2B1B107C} = {7A7CB3DC-22D6-3A39-8383-288C2B1B107C}
		{A4481DAC-EDF6-3C7E-971B-EC808C6C6CFA} = {A4481DAC-EDF6-3C7E-971B-EC808C6C6CFA}
		{5EF74D46-AC4A-3F96-B9EC-F2E961D60691} = {5EF74D46-AC4A-3F96-B9EC-F2E961D60691}
		{9DC1DC42-3E76-3882-A227-C8C02D1ADF71} = {9DC1DC42-3E76-3882-A227-C8C02D1ADF71}
		{54A4D404-DAC5-30B6-90E2-44CD7798EE38} = {54A4D404-DAC5-30B6-90E2-44CD7798EE38}
		{6191C0B9-0361-3F60-BB0C-A221A29961E5} = {6191C0B9-0361-3F60-BB0C-A221A29961E5}
	EndProjectSection
EndProject
Project("{8BC9CEB8-8B4A-11D0-8D11-00A0C91BC942}") = "INSTALL", "INSTALL.vcxproj", "{320B89D1-8EB1-32E5-B254-899CA3F160AF}"
	ProjectSection(ProjectDependencies) = postProject
		{4AFA5D46-06EB-3B3F-B05F-BA2AE3D922D3} = {4AFA5D46-06EB-3B3F-B05F-BA2AE3D922D3}
		{7A7CB3DC-22D6-3A39-8383-288C2B1B107C} = {7A7CB3DC-22D6-3A39-8383-288C2B1B107C}
	EndProjectSection
EndProject
Project("{8BC9CEB8-8B4A-11D0-8D11-00A0C91BC942}") = "ZERO_CHECK", "ZERO_CHECK.vcxproj", "{7A7CB3DC-22D6-3A39-8383-288C2B1B107C}"
	ProjectSection(ProjectDependencies) = postProject
	EndProjectSection
EndProject
Project("{8BC9CEB8-8B4A-11D0-8D11-00A0C91BC942}") = "assimp", "code\assimp.vcxproj", "{A4481DAC-EDF6-3C7E-971B-EC808C6C6CFA}"
	ProjectSection(ProjectDependencies) = postProject
		{7A7CB3DC-22D6-3A39-8383-288C2B1B107C} = {7A7CB3DC-22D6-3A39-8383-288C2B1B107C}
		{6191C0B9-0361-3F60-BB0C-A221A29961E5} = {6191C0B9-0361-3F60-BB0C-A221A29961E5}
	EndProjectSection
EndProject
Project("{8BC9CEB8-8B4A-11D0-8D11-00A0C91BC942}") = "assimp_cmd", "tools\assimp_cmd\assimp_cmd.vcxproj", "{5EF74D46-AC4A-3F96-B9EC-F2E961D60691}"
	ProjectSection(ProjectDependencies) = postProject
		{7A7CB3DC-22D6-3A39-8383-288C2B1B107C} = {7A7CB3DC-22D6-3A39-8383-288C2B1B107C}
		{A4481DAC-EDF6-3C7E-971B-EC808C6C6CFA} = {A4481DAC-EDF6-3C7E-971B-EC808C6C6CFA}
		{6191C0B9-0361-3F60-BB0C-A221A29961E5} = {6191C0B9-0361-3F60-BB0C-A221A29961E5}
	EndProjectSection
EndProject
Project("{8BC9CEB8-8B4A-11D0-8D11-00A0C91BC942}") = "assimp_viewer", "tools\assimp_view\assimp_viewer.vcxproj", "{9DC1DC42-3E76-3882-A227-C8C02D1ADF71}"
	ProjectSection(ProjectDependencies) = postProject
		{7A7CB3DC-22D6-3A39-8383-288C2B1B107C} = {7A7CB3DC-22D6-3A39-8383-288C2B1B107C}
		{A4481DAC-EDF6-3C7E-971B-EC808C6C6CFA} = {A4481DAC-EDF6-3C7E-971B-EC808C6C6CFA}
		{6191C0B9-0361-3F60-BB0C-A221A29961E5} = {6191C0B9-0361-3F60-BB0C-A221A29961E5}
	EndProjectSection
EndProject
Project("{8BC9CEB8-8B4A-11D0-8D11-00A0C91BC942}") = "uninstall", "uninstall.vcxproj", "{CAA28053-D795-3F3A-98C6-886256BC17DD}"
	ProjectSection(ProjectDependencies) = postProject
		{7A7CB3DC-22D6-3A39-8383-288C2B1B107C} = {7A7CB3DC-22D6-3A39-8383-288C2B1B107C}
	EndProjectSection
EndProject
Project("{8BC9CEB8-8B4A-11D0-8D11-00A0C91BC942}") = "unit", "test\unit.vcxproj", "{54A4D404-DAC5-30B6-90E2-44CD7798EE38}"
	ProjectSection(ProjectDependencies) = postProject
		{7A7CB3DC-22D6-3A39-8383-288C2B1B107C} = {7A7CB3DC-22D6-3A39-8383-288C2B1B107C}
		{A4481DAC-EDF6-3C7E-971B-EC808C6C6CFA} = {A4481DAC-EDF6-3C7E-971B-EC808C6C6CFA}
		{6191C0B9-0361-3F60-BB0C-A221A29961E5} = {6191C0B9-0361-3F60-BB0C-A221A29961E5}
	EndProjectSection
EndProject
Project("{8BC9CEB8-8B4A-11D0-8D11-00A0C91BC942}") = "zlibstatic", "contrib\zlib\zlibstatic.vcxproj", "{6191C0B9-0361-3F60-BB0C-A221A29961E5}"
	ProjectSection(ProjectDependencies) = postProject
		{7A7CB3DC-22D6-3A39-8383-288C2B1B107C} = {7A7CB3DC-22D6-3A39-8383-288C2B1B107C}
	EndProjectSection
EndProject
Global
	GlobalSection(SolutionConfigurationPlatforms) = preSolution
		Debug|Win32 = Debug|Win32
		Release|Win32 = Release|Win32
		MinSizeRel|Win32 = MinSizeRel|Win32
		RelWithDebInfo|Win32 = RelWithDebInfo|Win32
	EndGlobalSection
	GlobalSection(ProjectConfigurationPlatforms) = postSolution
		{4AFA5D46-06EB-3B3F-B05F-BA2AE3D922D3}.Debug|Win32.ActiveCfg = Debug|Win32
		{4AFA5D46-06EB-3B3F-B05F-BA2AE3D922D3}.Debug|Win32.Build.0 = Debug|Win32
		{4AFA5D46-06EB-3B3F-B05F-BA2AE3D922D3}.Release|Win32.ActiveCfg = Release|Win32
		{4AFA5D46-06EB-3B3F-B05F-BA2AE3D922D3}.Release|Win32.Build.0 = Release|Win32
		{4AFA5D46-06EB-3B3F-B05F-BA2AE3D922D3}.MinSizeRel|Win32.ActiveCfg = MinSizeRel|Win32
		{4AFA5D46-06EB-3B3F-B05F-BA2AE3D922D3}.MinSizeRel|Win32.Build.0 = MinSizeRel|Win32
		{4AFA5D46-06EB-3B3F-B05F-BA2AE3D922D3}.RelWithDebInfo|Win32.ActiveCfg = RelWithDebInfo|Win32
		{4AFA5D46-06EB-3B3F-B05F-BA2AE3D922D3}.RelWithDebInfo|Win32.Build.0 = RelWithDebInfo|Win32
		{320B89D1-8EB1-32E5-B254-899CA3F160AF}.Debug|Win32.ActiveCfg = Debug|Win32
		{320B89D1-8EB1-32E5-B254-899CA3F160AF}.Release|Win32.ActiveCfg = Release|Win32
		{320B89D1-8EB1-32E5-B254-899CA3F160AF}.MinSizeRel|Win32.ActiveCfg = MinSizeRel|Win32
		{320B89D1-8EB1-32E5-B254-899CA3F160AF}.RelWithDebInfo|Win32.ActiveCfg = RelWithDebInfo|Win32
		{7A7CB3DC-22D6-3A39-8383-288C2B1B107C}.Debug|Win32.ActiveCfg = Debug|Win32
		{7A7CB3DC-22D6-3A39-8383-288C2B1B107C}.Debug|Win32.Build.0 = Debug|Win32
		{7A7CB3DC-22D6-3A39-8383-288C2B1B107C}.Release|Win32.ActiveCfg = Release|Win32
		{7A7CB3DC-22D6-3A39-8383-288C2B1B107C}.Release|Win32.Build.0 = Release|Win32
		{7A7CB3DC-22D6-3A39-8383-288C2B1B107C}.MinSizeRel|Win32.ActiveCfg = MinSizeRel|Win32
		{7A7CB3DC-22D6-3A39-8383-288C2B1B107C}.MinSizeRel|Win32.Build.0 = MinSizeRel|Win32
		{7A7CB3DC-22D6-3A39-8383-288C2B1B107C}.RelWithDebInfo|Win32.ActiveCfg = RelWithDebInfo|Win32
		{7A7CB3DC-22D6-3A39-8383-288C2B1B107C}.RelWithDebInfo|Win32.Build.0 = RelWithDebInfo|Win32
		{A4481DAC-EDF6-3C7E-971B-EC808C6C6CFA}.Debug|Win32.ActiveCfg = Debug|Win32
		{A4481DAC-EDF6-3C7E-971B-EC808C6C6CFA}.Debug|Win32.Build.0 = Debug|Win32
		{A4481DAC-EDF6-3C7E-971B-EC808C6C6CFA}.Release|Win32.ActiveCfg = Release|Win32
		{A4481DAC-EDF6-3C7E-971B-EC808C6C6CFA}.Release|Win32.Build.0 = Release|Win32
		{A4481DAC-EDF6-3C7E-971B-EC808C6C6CFA}.MinSizeRel|Win32.ActiveCfg = MinSizeRel|Win32
		{A4481DAC-EDF6-3C7E-971B-EC808C6C6CFA}.MinSizeRel|Win32.Build.0 = MinSizeRel|Win32
		{A4481DAC-EDF6-3C7E-971B-EC808C6C6CFA}.RelWithDebInfo|Win32.ActiveCfg = RelWithDebInfo|Win32
		{A4481DAC-EDF6-3C7E-971B-EC808C6C6CFA}.RelWithDebInfo|Win32.Build.0 = RelWithDebInfo|Win32
		{5EF74D46-AC4A-3F96-B9EC-F2E961D60691}.Debug|Win32.ActiveCfg = Debug|Win32
		{5EF74D46-AC4A-3F96-B9EC-F2E961D60691}.Debug|Win32.Build.0 = Debug|Win32
		{5EF74D46-AC4A-3F96-B9EC-F2E961D60691}.Release|Win32.ActiveCfg = Release|Win32
		{5EF74D46-AC4A-3F96-B9EC-F2E961D60691}.Release|Win32.Build.0 = Release|Win32
		{5EF74D46-AC4A-3F96-B9EC-F2E961D60691}.MinSizeRel|Win32.ActiveCfg = MinSizeRel|Win32
		{5EF74D46-AC4A-3F96-B9EC-F2E961D60691}.MinSizeRel|Win32.Build.0 = MinSizeRel|Win32
		{5EF74D46-AC4A-3F96-B9EC-F2E961D60691}.RelWithDebInfo|Win32.ActiveCfg = RelWithDebInfo|Win32
		{5EF74D46-AC4A-3F96-B9EC-F2E961D60691}.RelWithDebInfo|Win32.Build.0 = RelWithDebInfo|Win32
		{9DC1DC42-3E76-3882-A227-C8C02D1ADF71}.Debug|Win32.ActiveCfg = Debug|Win32
		{9DC1DC42-3E76-3882-A227-C8C02D1ADF71}.Debug|Win32.Build.0 = Debug|Win32
		{9DC1DC42-3E76-3882-A227-C8C02D1ADF71}.Release|Win32.ActiveCfg = Release|Win32
		{9DC1DC42-3E76-3882-A227-C8C02D1ADF71}.Release|Win32.Build.0 = Release|Win32
		{9DC1DC42-3E76-3882-A227-C8C02D1ADF71}.MinSizeRel|Win32.ActiveCfg = MinSizeRel|Win32
		{9DC1DC42-3E76-3882-A227-C8C02D1ADF71}.MinSizeRel|Win32.Build.0 = MinSizeRel|Win32
		{9DC1DC42-3E76-3882-A227-C8C02D1ADF71}.RelWithDebInfo|Win32.ActiveCfg = RelWithDebInfo|Win32
		{9DC1DC42-3E76-3882-A227-C8C02D1ADF71}.RelWithDebInfo|Win32.Build.0 = RelWithDebInfo|Win32
		{CAA28053-D795-3F3A-98C6-886256BC17DD}.Debug|Win32.ActiveCfg = Debug|Win32
		{CAA28053-D795-3F3A-98C6-886256BC17DD}.Release|Win32.ActiveCfg = Release|Win32
		{CAA28053-D795-3F3A-98C6-886256BC17DD}.MinSizeRel|Win32.ActiveCfg = MinSizeRel|Win32
		{CAA28053-D795-3F3A-98C6-886256BC17DD}.RelWithDebInfo|Win32.ActiveCfg = RelWithDebInfo|Win32
		{54A4D404-DAC5-30B6-90E2-44CD7798EE38}.Debug|Win32.ActiveCfg = Debug|Win32
		{54A4D404-DAC5-30B6-90E2-44CD7798EE38}.Debug|Win32.Build.0 = Debug|Win32
		{54A4D404-DAC5-30B6-90E2-44CD7798EE38}.Release|Win32.ActiveCfg = Release|Win32
		{54A4D404-DAC5-30B6-90E2-44CD7798EE38}.Release|Win32.Build.0 = Release|Win32
		{54A4D404-DAC5-30B6-90E2-44CD7798EE38}.MinSizeRel|Win32.ActiveCfg = MinSizeRel|Win32
		{54A4D404-DAC5-30B6-90E2-44CD7798EE38}.MinSizeRel|Win32.Build.0 = MinSizeRel|Win32
		{54A4D404-DAC5-30B6-90E2-44CD7798EE38}.RelWithDebInfo|Win32.ActiveCfg = RelWithDebInfo|Win32
		{54A4D404-DAC5-30B6-90E2-44CD7798EE38}.RelWithDebInfo|Win32.Build.0 = RelWithDebInfo|Win32
		{6191C0B9-0361-3F60-BB0C-A221A29961E5}.Debug|Win32.ActiveCfg = Debug|Win32
		{6191C0B9-0361-3F60-BB0C-A221A29961E5}.Debug|Win32.Build.0 = Debug|Win32
		{6191C0B9-0361-3F60-BB0C-A221A29961E5}.Release|Win32.ActiveCfg = Release|Win32
		{6191C0B9-0361-3F60-BB0C-A221A29961E5}.Release|Win32.Build.0 = Release|Win32
		{6191C0B9-0361-3F60-BB0C-A221A29961E5}.MinSizeRel|Win32.ActiveCfg = MinSizeRel|Win32
		{6191C0B9-0361-3F60-BB0C-A221A29961E5}.MinSizeRel|Win32.Build.0 = MinSizeRel|Win32
		{6191C0B9-0361-3F60-BB0C-A221A29961E5}.RelWithDebInfo|Win32.ActiveCfg = RelWithDebInfo|Win32
		{6191C0B9-0361-3F60-BB0C-A221A29961E5}.RelWithDebInfo|Win32.Build.0 = RelWithDebInfo|Win32
	EndGlobalSection
	GlobalSection(ExtensibilityGlobals) = postSolution
		SolutionGuid = {D79F0786-FF4B-32C5-B5B8-947040ABE4F7}
	EndGlobalSection
	GlobalSection(ExtensibilityAddIns) = postSolution
	EndGlobalSection
EndGlobal
