<?xml version="1.0" encoding="utf-8"?>
<Project ToolsVersion="16.0" xmlns="http://schemas.microsoft.com/developer/msbuild/2003">
  <ItemGroup>
    <ClCompile Include="D:\LakeheadUCourse\comp_proj\learn_opengl\libraries\assimp-3.1.1\tools\assimp_cmd\CompareDump.cpp">
      <Filter>Source Files</Filter>
    </ClCompile>
    <ClCompile Include="D:\LakeheadUCourse\comp_proj\learn_opengl\libraries\assimp-3.1.1\tools\assimp_cmd\ImageExtractor.cpp">
      <Filter>Source Files</Filter>
    </ClCompile>
    <ClCompile Include="D:\LakeheadUCourse\comp_proj\learn_opengl\libraries\assimp-3.1.1\tools\assimp_cmd\Main.cpp">
      <Filter>Source Files</Filter>
    </ClCompile>
    <ClCompile Include="D:\LakeheadUCourse\comp_proj\learn_opengl\libraries\assimp-3.1.1\tools\assimp_cmd\WriteDumb.cpp">
      <Filter>Source Files</Filter>
    </ClCompile>
    <ClCompile Include="D:\LakeheadUCourse\comp_proj\learn_opengl\libraries\assimp-3.1.1\tools\assimp_cmd\Info.cpp">
      <Filter>Source Files</Filter>
    </ClCompile>
    <ClCompile Include="D:\LakeheadUCourse\comp_proj\learn_opengl\libraries\assimp-3.1.1\tools\assimp_cmd\Export.cpp">
      <Filter>Source Files</Filter>
    </ClCompile>
  </ItemGroup>
  <ItemGroup>
    <ClInclude Include="D:\LakeheadUCourse\comp_proj\learn_opengl\libraries\assimp-3.1.1\tools\assimp_cmd\Main.h">
      <Filter>Header Files</Filter>
    </ClInclude>
    <ClInclude Include="D:\LakeheadUCourse\comp_proj\learn_opengl\libraries\assimp-3.1.1\tools\assimp_cmd\resource.h">
      <Filter>Header Files</Filter>
    </ClInclude>
  </ItemGroup>
  <ItemGroup>
    <CustomBuild Include="D:\LakeheadUCourse\comp_proj\learn_opengl\libraries\assimp-3.1.1\tools\assimp_cmd\CMakeLists.txt" />
  </ItemGroup>
  <ItemGroup>
    <ResourceCompile Include="D:\LakeheadUCourse\comp_proj\learn_opengl\libraries\assimp-3.1.1\tools\assimp_cmd\assimp_cmd.rc">
      <Filter>Source Files</Filter>
    </ResourceCompile>
  </ItemGroup>
  <ItemGroup>
    <Filter Include="Header Files">
      <UniqueIdentifier>{316B6C08-D6B3-3177-8C30-E2BA6800718D}</UniqueIdentifier>
    </Filter>
    <Filter Include="Source Files">
      <UniqueIdentifier>{E326400C-E9B4-359D-9DC0-5030145AF5F6}</UniqueIdentifier>
    </Filter>
  </ItemGroup>
</Project>
